// !$*UTF8*$!
{
	archiveVersion = 1;
	classes = {
	};
	objectVersion = 46;
	objects = {

/* Begin PBXBuildFile section */
		9F38216A19686CA300C8AF42 /* ProjectsViewController.m in Sources */ = {isa = PBXBuildFile; fileRef = 9F38216819686CA300C8AF42 /* ProjectsViewController.m */; };
		9F38216B19686CA300C8AF42 /* ProjectsViewController.xib in Resources */ = {isa = PBXBuildFile; fileRef = 9F38216919686CA300C8AF42 /* ProjectsViewController.xib */; };
		9F38216F19686CB500C8AF42 /* EventsViewController.m in Sources */ = {isa = PBXBuildFile; fileRef = 9F38216D19686CB500C8AF42 /* EventsViewController.m */; };
		9F38217019686CB500C8AF42 /* EventsViewController.xib in Resources */ = {isa = PBXBuildFile; fileRef = 9F38216E19686CB500C8AF42 /* EventsViewController.xib */; };
		9F38217419686CD100C8AF42 /* GeneralDonateViewController.m in Sources */ = {isa = PBXBuildFile; fileRef = 9F38217219686CD100C8AF42 /* GeneralDonateViewController.m */; };
		9F38217519686CD100C8AF42 /* GeneralDonateViewController.xib in Resources */ = {isa = PBXBuildFile; fileRef = 9F38217319686CD100C8AF42 /* GeneralDonateViewController.xib */; };
		9F3821791968863B00C8AF42 /* ProjectsTableViewCell.m in Sources */ = {isa = PBXBuildFile; fileRef = 9F3821771968863B00C8AF42 /* ProjectsTableViewCell.m */; };
		9F38217A1968863B00C8AF42 /* ProjectsTableViewCell.xib in Resources */ = {isa = PBXBuildFile; fileRef = 9F3821781968863B00C8AF42 /* ProjectsTableViewCell.xib */; };
		9F38217E1968864700C8AF42 /* EventsTableViewCell.m in Sources */ = {isa = PBXBuildFile; fileRef = 9F38217C1968864700C8AF42 /* EventsTableViewCell.m */; };
		9F38217F1968864700C8AF42 /* EventsTableViewCell.xib in Resources */ = {isa = PBXBuildFile; fileRef = 9F38217D1968864700C8AF42 /* EventsTableViewCell.xib */; };
		B41C485B5E36413F827619DE /* libPods.a in Frameworks */ = {isa = PBXBuildFile; fileRef = AA966DF4B42F42A3B1791AC3 /* libPods.a */; };
		F1F6E68B196303E9001EE5B2 /* Foundation.framework in Frameworks */ = {isa = PBXBuildFile; fileRef = F1F6E68A196303E9001EE5B2 /* Foundation.framework */; };
		F1F6E68D196303E9001EE5B2 /* CoreGraphics.framework in Frameworks */ = {isa = PBXBuildFile; fileRef = F1F6E68C196303E9001EE5B2 /* CoreGraphics.framework */; };
		F1F6E68F196303E9001EE5B2 /* UIKit.framework in Frameworks */ = {isa = PBXBuildFile; fileRef = F1F6E68E196303E9001EE5B2 /* UIKit.framework */; };
		F1F6E695196303E9001EE5B2 /* InfoPlist.strings in Resources */ = {isa = PBXBuildFile; fileRef = F1F6E693196303E9001EE5B2 /* InfoPlist.strings */; };
		F1F6E697196303E9001EE5B2 /* main.m in Sources */ = {isa = PBXBuildFile; fileRef = F1F6E696196303E9001EE5B2 /* main.m */; };
		F1F6E69B196303E9001EE5B2 /* AppDelegate.m in Sources */ = {isa = PBXBuildFile; fileRef = F1F6E69A196303E9001EE5B2 /* AppDelegate.m */; };
		F1F6E69D196303E9001EE5B2 /* Images.xcassets in Resources */ = {isa = PBXBuildFile; fileRef = F1F6E69C196303E9001EE5B2 /* Images.xcassets */; };
		F1F6E6A4196303E9001EE5B2 /* XCTest.framework in Frameworks */ = {isa = PBXBuildFile; fileRef = F1F6E6A3196303E9001EE5B2 /* XCTest.framework */; };
		F1F6E6A5196303E9001EE5B2 /* Foundation.framework in Frameworks */ = {isa = PBXBuildFile; fileRef = F1F6E68A196303E9001EE5B2 /* Foundation.framework */; };
		F1F6E6A6196303E9001EE5B2 /* UIKit.framework in Frameworks */ = {isa = PBXBuildFile; fileRef = F1F6E68E196303E9001EE5B2 /* UIKit.framework */; };
		F1F6E6AE196303E9001EE5B2 /* InfoPlist.strings in Resources */ = {isa = PBXBuildFile; fileRef = F1F6E6AC196303E9001EE5B2 /* InfoPlist.strings */; };
		F1F6E6B0196303E9001EE5B2 /* AshaNet_iOSTests.m in Sources */ = {isa = PBXBuildFile; fileRef = F1F6E6AF196303E9001EE5B2 /* AshaNet_iOSTests.m */; };
/* End PBXBuildFile section */

/* Begin PBXContainerItemProxy section */
		F1F6E6A7196303E9001EE5B2 /* PBXContainerItemProxy */ = {
			isa = PBXContainerItemProxy;
			containerPortal = F1F6E67F196303E9001EE5B2 /* Project object */;
			proxyType = 1;
			remoteGlobalIDString = F1F6E686196303E9001EE5B2;
			remoteInfo = AshaNet_iOS;
		};
/* End PBXContainerItemProxy section */

/* Begin PBXFileReference section */
		9F38216719686CA300C8AF42 /* ProjectsViewController.h */ = {isa = PBXFileReference; fileEncoding = 4; lastKnownFileType = sourcecode.c.h; path = ProjectsViewController.h; sourceTree = "<group>"; };
		9F38216819686CA300C8AF42 /* ProjectsViewController.m */ = {isa = PBXFileReference; fileEncoding = 4; lastKnownFileType = sourcecode.c.objc; path = ProjectsViewController.m; sourceTree = "<group>"; };
		9F38216919686CA300C8AF42 /* ProjectsViewController.xib */ = {isa = PBXFileReference; fileEncoding = 4; lastKnownFileType = file.xib; path = ProjectsViewController.xib; sourceTree = "<group>"; };
		9F38216C19686CB500C8AF42 /* EventsViewController.h */ = {isa = PBXFileReference; fileEncoding = 4; lastKnownFileType = sourcecode.c.h; path = EventsViewController.h; sourceTree = "<group>"; };
		9F38216D19686CB500C8AF42 /* EventsViewController.m */ = {isa = PBXFileReference; fileEncoding = 4; lastKnownFileType = sourcecode.c.objc; path = EventsViewController.m; sourceTree = "<group>"; };
		9F38216E19686CB500C8AF42 /* EventsViewController.xib */ = {isa = PBXFileReference; fileEncoding = 4; lastKnownFileType = file.xib; path = EventsViewController.xib; sourceTree = "<group>"; };
		9F38217119686CD100C8AF42 /* GeneralDonateViewController.h */ = {isa = PBXFileReference; fileEncoding = 4; lastKnownFileType = sourcecode.c.h; path = GeneralDonateViewController.h; sourceTree = "<group>"; };
		9F38217219686CD100C8AF42 /* GeneralDonateViewController.m */ = {isa = PBXFileReference; fileEncoding = 4; lastKnownFileType = sourcecode.c.objc; path = GeneralDonateViewController.m; sourceTree = "<group>"; };
		9F38217319686CD100C8AF42 /* GeneralDonateViewController.xib */ = {isa = PBXFileReference; fileEncoding = 4; lastKnownFileType = file.xib; path = GeneralDonateViewController.xib; sourceTree = "<group>"; };
		9F3821761968863B00C8AF42 /* ProjectsTableViewCell.h */ = {isa = PBXFileReference; fileEncoding = 4; lastKnownFileType = sourcecode.c.h; path = ProjectsTableViewCell.h; sourceTree = "<group>"; };
		9F3821771968863B00C8AF42 /* ProjectsTableViewCell.m */ = {isa = PBXFileReference; fileEncoding = 4; lastKnownFileType = sourcecode.c.objc; path = ProjectsTableViewCell.m; sourceTree = "<group>"; };
		9F3821781968863B00C8AF42 /* ProjectsTableViewCell.xib */ = {isa = PBXFileReference; fileEncoding = 4; lastKnownFileType = file.xib; path = ProjectsTableViewCell.xib; sourceTree = "<group>"; };
		9F38217B1968864700C8AF42 /* EventsTableViewCell.h */ = {isa = PBXFileReference; fileEncoding = 4; lastKnownFileType = sourcecode.c.h; path = EventsTableViewCell.h; sourceTree = "<group>"; };
		9F38217C1968864700C8AF42 /* EventsTableViewCell.m */ = {isa = PBXFileReference; fileEncoding = 4; lastKnownFileType = sourcecode.c.objc; path = EventsTableViewCell.m; sourceTree = "<group>"; };
		9F38217D1968864700C8AF42 /* EventsTableViewCell.xib */ = {isa = PBXFileReference; fileEncoding = 4; lastKnownFileType = file.xib; path = EventsTableViewCell.xib; sourceTree = "<group>"; };
		AA966DF4B42F42A3B1791AC3 /* libPods.a */ = {isa = PBXFileReference; explicitFileType = archive.ar; includeInIndex = 0; path = libPods.a; sourceTree = BUILT_PRODUCTS_DIR; };
		BB214888FFFE4A15B579B7E6 /* Pods.xcconfig */ = {isa = PBXFileReference; includeInIndex = 1; lastKnownFileType = text.xcconfig; name = Pods.xcconfig; path = Pods/Pods.xcconfig; sourceTree = "<group>"; };
		F1F6E687196303E9001EE5B2 /* AshaNet_iOS.app */ = {isa = PBXFileReference; explicitFileType = wrapper.application; includeInIndex = 0; path = AshaNet_iOS.app; sourceTree = BUILT_PRODUCTS_DIR; };
		F1F6E68A196303E9001EE5B2 /* Foundation.framework */ = {isa = PBXFileReference; lastKnownFileType = wrapper.framework; name = Foundation.framework; path = System/Library/Frameworks/Foundation.framework; sourceTree = SDKROOT; };
		F1F6E68C196303E9001EE5B2 /* CoreGraphics.framework */ = {isa = PBXFileReference; lastKnownFileType = wrapper.framework; name = CoreGraphics.framework; path = System/Library/Frameworks/CoreGraphics.framework; sourceTree = SDKROOT; };
		F1F6E68E196303E9001EE5B2 /* UIKit.framework */ = {isa = PBXFileReference; lastKnownFileType = wrapper.framework; name = UIKit.framework; path = System/Library/Frameworks/UIKit.framework; sourceTree = SDKROOT; };
		F1F6E692196303E9001EE5B2 /* AshaNet_iOS-Info.plist */ = {isa = PBXFileReference; lastKnownFileType = text.plist.xml; path = "AshaNet_iOS-Info.plist"; sourceTree = "<group>"; };
		F1F6E694196303E9001EE5B2 /* en */ = {isa = PBXFileReference; lastKnownFileType = text.plist.strings; name = en; path = en.lproj/InfoPlist.strings; sourceTree = "<group>"; };
		F1F6E696196303E9001EE5B2 /* main.m */ = {isa = PBXFileReference; lastKnownFileType = sourcecode.c.objc; path = main.m; sourceTree = "<group>"; };
		F1F6E698196303E9001EE5B2 /* AshaNet_iOS-Prefix.pch */ = {isa = PBXFileReference; lastKnownFileType = sourcecode.c.h; path = "AshaNet_iOS-Prefix.pch"; sourceTree = "<group>"; };
		F1F6E699196303E9001EE5B2 /* AppDelegate.h */ = {isa = PBXFileReference; lastKnownFileType = sourcecode.c.h; path = AppDelegate.h; sourceTree = "<group>"; };
		F1F6E69A196303E9001EE5B2 /* AppDelegate.m */ = {isa = PBXFileReference; lastKnownFileType = sourcecode.c.objc; path = AppDelegate.m; sourceTree = "<group>"; };
		F1F6E69C196303E9001EE5B2 /* Images.xcassets */ = {isa = PBXFileReference; lastKnownFileType = folder.assetcatalog; path = Images.xcassets; sourceTree = "<group>"; };
		F1F6E6A2196303E9001EE5B2 /* AshaNet_iOSTests.xctest */ = {isa = PBXFileReference; explicitFileType = wrapper.cfbundle; includeInIndex = 0; path = AshaNet_iOSTests.xctest; sourceTree = BUILT_PRODUCTS_DIR; };
		F1F6E6A3196303E9001EE5B2 /* XCTest.framework */ = {isa = PBXFileReference; lastKnownFileType = wrapper.framework; name = XCTest.framework; path = Library/Frameworks/XCTest.framework; sourceTree = DEVELOPER_DIR; };
		F1F6E6AB196303E9001EE5B2 /* AshaNet_iOSTests-Info.plist */ = {isa = PBXFileReference; lastKnownFileType = text.plist.xml; path = "AshaNet_iOSTests-Info.plist"; sourceTree = "<group>"; };
		F1F6E6AD196303E9001EE5B2 /* en */ = {isa = PBXFileReference; lastKnownFileType = text.plist.strings; name = en; path = en.lproj/InfoPlist.strings; sourceTree = "<group>"; };
		F1F6E6AF196303E9001EE5B2 /* AshaNet_iOSTests.m */ = {isa = PBXFileReference; lastKnownFileType = sourcecode.c.objc; path = AshaNet_iOSTests.m; sourceTree = "<group>"; };
/* End PBXFileReference section */

/* Begin PBXFrameworksBuildPhase section */
		F1F6E684196303E9001EE5B2 /* Frameworks */ = {
			isa = PBXFrameworksBuildPhase;
			buildActionMask = 2147483647;
			files = (
				F1F6E68D196303E9001EE5B2 /* CoreGraphics.framework in Frameworks */,
				F1F6E68F196303E9001EE5B2 /* UIKit.framework in Frameworks */,
				F1F6E68B196303E9001EE5B2 /* Foundation.framework in Frameworks */,
				B41C485B5E36413F827619DE /* libPods.a in Frameworks */,
			);
			runOnlyForDeploymentPostprocessing = 0;
		};
		F1F6E69F196303E9001EE5B2 /* Frameworks */ = {
			isa = PBXFrameworksBuildPhase;
			buildActionMask = 2147483647;
			files = (
				F1F6E6A4196303E9001EE5B2 /* XCTest.framework in Frameworks */,
				F1F6E6A6196303E9001EE5B2 /* UIKit.framework in Frameworks */,
				F1F6E6A5196303E9001EE5B2 /* Foundation.framework in Frameworks */,
			);
			runOnlyForDeploymentPostprocessing = 0;
		};
/* End PBXFrameworksBuildPhase section */

/* Begin PBXGroup section */
		F1F6E67E196303E9001EE5B2 = {
			isa = PBXGroup;
			children = (
				F1F6E690196303E9001EE5B2 /* AshaNet_iOS */,
				F1F6E6A9196303E9001EE5B2 /* AshaNet_iOSTests */,
				F1F6E689196303E9001EE5B2 /* Frameworks */,
				F1F6E688196303E9001EE5B2 /* Products */,
				BB214888FFFE4A15B579B7E6 /* Pods.xcconfig */,
			);
			sourceTree = "<group>";
		};
		F1F6E688196303E9001EE5B2 /* Products */ = {
			isa = PBXGroup;
			children = (
				F1F6E687196303E9001EE5B2 /* AshaNet_iOS.app */,
				F1F6E6A2196303E9001EE5B2 /* AshaNet_iOSTests.xctest */,
			);
			name = Products;
			sourceTree = "<group>";
		};
		F1F6E689196303E9001EE5B2 /* Frameworks */ = {
			isa = PBXGroup;
			children = (
				F1F6E68A196303E9001EE5B2 /* Foundation.framework */,
				F1F6E68C196303E9001EE5B2 /* CoreGraphics.framework */,
				F1F6E68E196303E9001EE5B2 /* UIKit.framework */,
				F1F6E6A3196303E9001EE5B2 /* XCTest.framework */,
				AA966DF4B42F42A3B1791AC3 /* libPods.a */,
			);
			name = Frameworks;
			sourceTree = "<group>";
		};
		F1F6E690196303E9001EE5B2 /* AshaNet_iOS */ = {
			isa = PBXGroup;
			children = (
				F1F6E699196303E9001EE5B2 /* AppDelegate.h */,
				F1F6E69A196303E9001EE5B2 /* AppDelegate.m */,
				9F38216719686CA300C8AF42 /* ProjectsViewController.h */,
				9F38216C19686CB500C8AF42 /* EventsViewController.h */,
				9F38217119686CD100C8AF42 /* GeneralDonateViewController.h */,
				9F38217219686CD100C8AF42 /* GeneralDonateViewController.m */,
				9F38217319686CD100C8AF42 /* GeneralDonateViewController.xib */,
				9F38216D19686CB500C8AF42 /* EventsViewController.m */,
				9F3821761968863B00C8AF42 /* ProjectsTableViewCell.h */,
				9F3821771968863B00C8AF42 /* ProjectsTableViewCell.m */,
				9F38217B1968864700C8AF42 /* EventsTableViewCell.h */,
				9F38217C1968864700C8AF42 /* EventsTableViewCell.m */,
				9F38217D1968864700C8AF42 /* EventsTableViewCell.xib */,
				9F3821781968863B00C8AF42 /* ProjectsTableViewCell.xib */,
				9F38216E19686CB500C8AF42 /* EventsViewController.xib */,
				9F38216819686CA300C8AF42 /* ProjectsViewController.m */,
				9F38216919686CA300C8AF42 /* ProjectsViewController.xib */,
				F1F6E69C196303E9001EE5B2 /* Images.xcassets */,
				F1F6E691196303E9001EE5B2 /* Supporting Files */,
			);
			path = AshaNet_iOS;
			sourceTree = "<group>";
		};
		F1F6E691196303E9001EE5B2 /* Supporting Files */ = {
			isa = PBXGroup;
			children = (
				F1F6E692196303E9001EE5B2 /* AshaNet_iOS-Info.plist */,
				F1F6E693196303E9001EE5B2 /* InfoPlist.strings */,
				F1F6E696196303E9001EE5B2 /* main.m */,
				F1F6E698196303E9001EE5B2 /* AshaNet_iOS-Prefix.pch */,
			);
			name = "Supporting Files";
			sourceTree = "<group>";
		};
		F1F6E6A9196303E9001EE5B2 /* AshaNet_iOSTests */ = {
			isa = PBXGroup;
			children = (
				F1F6E6AF196303E9001EE5B2 /* AshaNet_iOSTests.m */,
				F1F6E6AA196303E9001EE5B2 /* Supporting Files */,
			);
			path = AshaNet_iOSTests;
			sourceTree = "<group>";
		};
		F1F6E6AA196303E9001EE5B2 /* Supporting Files */ = {
			isa = PBXGroup;
			children = (
				F1F6E6AB196303E9001EE5B2 /* AshaNet_iOSTests-Info.plist */,
				F1F6E6AC196303E9001EE5B2 /* InfoPlist.strings */,
			);
			name = "Supporting Files";
			sourceTree = "<group>";
		};
/* End PBXGroup section */

/* Begin PBXNativeTarget section */
		F1F6E686196303E9001EE5B2 /* AshaNet_iOS */ = {
			isa = PBXNativeTarget;
			buildConfigurationList = F1F6E6B3196303E9001EE5B2 /* Build configuration list for PBXNativeTarget "AshaNet_iOS" */;
			buildPhases = (
				BF75801B78E64181BEC35014 /* Check Pods Manifest.lock */,
				F1F6E683196303E9001EE5B2 /* Sources */,
				F1F6E684196303E9001EE5B2 /* Frameworks */,
				F1F6E685196303E9001EE5B2 /* Resources */,
				06455DB77CA944C685283BC7 /* Copy Pods Resources */,
			);
			buildRules = (
			);
			dependencies = (
			);
			name = AshaNet_iOS;
			productName = AshaNet_iOS;
			productReference = F1F6E687196303E9001EE5B2 /* AshaNet_iOS.app */;
			productType = "com.apple.product-type.application";
		};
		F1F6E6A1196303E9001EE5B2 /* AshaNet_iOSTests */ = {
			isa = PBXNativeTarget;
			buildConfigurationList = F1F6E6B6196303E9001EE5B2 /* Build configuration list for PBXNativeTarget "AshaNet_iOSTests" */;
			buildPhases = (
				F1F6E69E196303E9001EE5B2 /* Sources */,
				F1F6E69F196303E9001EE5B2 /* Frameworks */,
				F1F6E6A0196303E9001EE5B2 /* Resources */,
			);
			buildRules = (
			);
			dependencies = (
				F1F6E6A8196303E9001EE5B2 /* PBXTargetDependency */,
			);
			name = AshaNet_iOSTests;
			productName = AshaNet_iOSTests;
			productReference = F1F6E6A2196303E9001EE5B2 /* AshaNet_iOSTests.xctest */;
			productType = "com.apple.product-type.bundle.unit-test";
		};
/* End PBXNativeTarget section */

/* Begin PBXProject section */
		F1F6E67F196303E9001EE5B2 /* Project object */ = {
			isa = PBXProject;
			attributes = {
				LastUpgradeCheck = 0510;
				ORGANIZATIONNAME = "Patil, Sagar";
				TargetAttributes = {
					F1F6E6A1196303E9001EE5B2 = {
						TestTargetID = F1F6E686196303E9001EE5B2;
					};
				};
			};
			buildConfigurationList = F1F6E682196303E9001EE5B2 /* Build configuration list for PBXProject "AshaNet_iOS" */;
			compatibilityVersion = "Xcode 3.2";
			developmentRegion = English;
			hasScannedForEncodings = 0;
			knownRegions = (
				en,
			);
			mainGroup = F1F6E67E196303E9001EE5B2;
			productRefGroup = F1F6E688196303E9001EE5B2 /* Products */;
			projectDirPath = "";
			projectRoot = "";
			targets = (
				F1F6E686196303E9001EE5B2 /* AshaNet_iOS */,
				F1F6E6A1196303E9001EE5B2 /* AshaNet_iOSTests */,
			);
		};
/* End PBXProject section */

/* Begin PBXResourcesBuildPhase section */
		F1F6E685196303E9001EE5B2 /* Resources */ = {
			isa = PBXResourcesBuildPhase;
			buildActionMask = 2147483647;
			files = (
				F1F6E695196303E9001EE5B2 /* InfoPlist.strings in Resources */,
				9F38217019686CB500C8AF42 /* EventsViewController.xib in Resources */,
				9F38217F1968864700C8AF42 /* EventsTableViewCell.xib in Resources */,
				9F38216B19686CA300C8AF42 /* ProjectsViewController.xib in Resources */,
				F1F6E69D196303E9001EE5B2 /* Images.xcassets in Resources */,
				9F38217519686CD100C8AF42 /* GeneralDonateViewController.xib in Resources */,
				9F38217A1968863B00C8AF42 /* ProjectsTableViewCell.xib in Resources */,
			);
			runOnlyForDeploymentPostprocessing = 0;
		};
		F1F6E6A0196303E9001EE5B2 /* Resources */ = {
			isa = PBXResourcesBuildPhase;
			buildActionMask = 2147483647;
			files = (
				F1F6E6AE196303E9001EE5B2 /* InfoPlist.strings in Resources */,
			);
			runOnlyForDeploymentPostprocessing = 0;
		};
/* End PBXResourcesBuildPhase section */

/* Begin PBXShellScriptBuildPhase section */
		06455DB77CA944C685283BC7 /* Copy Pods Resources */ = {
			isa = PBXShellScriptBuildPhase;
			buildActionMask = 2147483647;
			files = (
			);
			inputPaths = (
			);
			name = "Copy Pods Resources";
			outputPaths = (
			);
			runOnlyForDeploymentPostprocessing = 0;
			shellPath = /bin/sh;
			shellScript = "\"${SRCROOT}/Pods/Pods-resources.sh\"\n";
			showEnvVarsInLog = 0;
		};
		BF75801B78E64181BEC35014 /* Check Pods Manifest.lock */ = {
			isa = PBXShellScriptBuildPhase;
			buildActionMask = 2147483647;
			files = (
			);
			inputPaths = (
			);
			name = "Check Pods Manifest.lock";
			outputPaths = (
			);
			runOnlyForDeploymentPostprocessing = 0;
			shellPath = /bin/sh;
			shellScript = "diff \"${PODS_ROOT}/../Podfile.lock\" \"${PODS_ROOT}/Manifest.lock\" > /dev/null\nif [[ $? != 0 ]] ; then\n    cat << EOM\nerror: The sandbox is not in sync with the Podfile.lock. Run 'pod install' or update your CocoaPods installation.\nEOM\n    exit 1\nfi\n";
			showEnvVarsInLog = 0;
		};
/* End PBXShellScriptBuildPhase section */

/* Begin PBXSourcesBuildPhase section */
		F1F6E683196303E9001EE5B2 /* Sources */ = {
			isa = PBXSourcesBuildPhase;
			buildActionMask = 2147483647;
			files = (
				9F38217419686CD100C8AF42 /* GeneralDonateViewController.m in Sources */,
				9F38217E1968864700C8AF42 /* EventsTableViewCell.m in Sources */,
				9F3821791968863B00C8AF42 /* ProjectsTableViewCell.m in Sources */,
				F1F6E69B196303E9001EE5B2 /* AppDelegate.m in Sources */,
				9F38216F19686CB500C8AF42 /* EventsViewController.m in Sources */,
				9F38216A19686CA300C8AF42 /* ProjectsViewController.m in Sources */,
				F1F6E697196303E9001EE5B2 /* main.m in Sources */,
			);
			runOnlyForDeploymentPostprocessing = 0;
		};
		F1F6E69E196303E9001EE5B2 /* Sources */ = {
			isa = PBXSourcesBuildPhase;
			buildActionMask = 2147483647;
			files = (
				F1F6E6B0196303E9001EE5B2 /* AshaNet_iOSTests.m in Sources */,
			);
			runOnlyForDeploymentPostprocessing = 0;
		};
/* End PBXSourcesBuildPhase section */

/* Begin PBXTargetDependency section */
		F1F6E6A8196303E9001EE5B2 /* PBXTargetDependency */ = {
			isa = PBXTargetDependency;
			target = F1F6E686196303E9001EE5B2 /* AshaNet_iOS */;
			targetProxy = F1F6E6A7196303E9001EE5B2 /* PBXContainerItemProxy */;
		};
/* End PBXTargetDependency section */

/* Begin PBXVariantGroup section */
		F1F6E693196303E9001EE5B2 /* InfoPlist.strings */ = {
			isa = PBXVariantGroup;
			children = (
				F1F6E694196303E9001EE5B2 /* en */,
			);
			name = InfoPlist.strings;
			sourceTree = "<group>";
		};
		F1F6E6AC196303E9001EE5B2 /* InfoPlist.strings */ = {
			isa = PBXVariantGroup;
			children = (
				F1F6E6AD196303E9001EE5B2 /* en */,
			);
			name = InfoPlist.strings;
			sourceTree = "<group>";
		};
/* End PBXVariantGroup section */

/* Begin XCBuildConfiguration section */
		F1F6E6B1196303E9001EE5B2 /* Debug */ = {
			isa = XCBuildConfiguration;
			buildSettings = {
				ALWAYS_SEARCH_USER_PATHS = NO;
				CLANG_CXX_LANGUAGE_STANDARD = "gnu++0x";
				CLANG_CXX_LIBRARY = "libc++";
				CLANG_ENABLE_MODULES = YES;
				CLANG_ENABLE_OBJC_ARC = YES;
				CLANG_WARN_BOOL_CONVERSION = YES;
				CLANG_WARN_CONSTANT_CONVERSION = YES;
				CLANG_WARN_DIRECT_OBJC_ISA_USAGE = YES_ERROR;
				CLANG_WARN_EMPTY_BODY = YES;
				CLANG_WARN_ENUM_CONVERSION = YES;
				CLANG_WARN_INT_CONVERSION = YES;
				CLANG_WARN_OBJC_ROOT_CLASS = YES_ERROR;
				CLANG_WARN__DUPLICATE_METHOD_MATCH = YES;
				"CODE_SIGN_IDENTITY[sdk=iphoneos*]" = "iPhone Developer";
				COPY_PHASE_STRIP = NO;
				GCC_C_LANGUAGE_STANDARD = gnu99;
				GCC_DYNAMIC_NO_PIC = NO;
				GCC_OPTIMIZATION_LEVEL = 0;
				GCC_PREPROCESSOR_DEFINITIONS = (
					"DEBUG=1",
					"$(inherited)",
				);
				GCC_SYMBOLS_PRIVATE_EXTERN = NO;
				GCC_WARN_64_TO_32_BIT_CONVERSION = YES;
				GCC_WARN_ABOUT_RETURN_TYPE = YES_ERROR;
				GCC_WARN_UNDECLARED_SELECTOR = YES;
				GCC_WARN_UNINITIALIZED_AUTOS = YES_AGGRESSIVE;
				GCC_WARN_UNUSED_FUNCTION = YES;
				GCC_WARN_UNUSED_VARIABLE = YES;
				IPHONEOS_DEPLOYMENT_TARGET = 7.1;
				ONLY_ACTIVE_ARCH = YES;
				SDKROOT = iphoneos;
			};
			name = Debug;
		};
		F1F6E6B2196303E9001EE5B2 /* Release */ = {
			isa = XCBuildConfiguration;
			buildSettings = {
				ALWAYS_SEARCH_USER_PATHS = NO;
				CLANG_CXX_LANGUAGE_STANDARD = "gnu++0x";
				CLANG_CXX_LIBRARY = "libc++";
				CLANG_ENABLE_MODULES = YES;
				CLANG_ENABLE_OBJC_ARC = YES;
				CLANG_WARN_BOOL_CONVERSION = YES;
				CLANG_WARN_CONSTANT_CONVERSION = YES;
				CLANG_WARN_DIRECT_OBJC_ISA_USAGE = YES_ERROR;
				CLANG_WARN_EMPTY_BODY = YES;
				CLANG_WARN_ENUM_CONVERSION = YES;
				CLANG_WARN_INT_CONVERSION = YES;
				CLANG_WARN_OBJC_ROOT_CLASS = YES_ERROR;
				CLANG_WARN__DUPLICATE_METHOD_MATCH = YES;
				"CODE_SIGN_IDENTITY[sdk=iphoneos*]" = "iPhone Developer";
				COPY_PHASE_STRIP = YES;
				ENABLE_NS_ASSERTIONS = NO;
				GCC_C_LANGUAGE_STANDARD = gnu99;
				GCC_WARN_64_TO_32_BIT_CONVERSION = YES;
				GCC_WARN_ABOUT_RETURN_TYPE = YES_ERROR;
				GCC_WARN_UNDECLARED_SELECTOR = YES;
				GCC_WARN_UNINITIALIZED_AUTOS = YES_AGGRESSIVE;
				GCC_WARN_UNUSED_FUNCTION = YES;
				GCC_WARN_UNUSED_VARIABLE = YES;
				IPHONEOS_DEPLOYMENT_TARGET = 7.1;
				SDKROOT = iphoneos;
				VALIDATE_PRODUCT = YES;
			};
			name = Release;
		};
		F1F6E6B4196303E9001EE5B2 /* Debug */ = {
			isa = XCBuildConfiguration;
			baseConfigurationReference = BB214888FFFE4A15B579B7E6 /* Pods.xcconfig */;
			buildSettings = {
				ASSETCATALOG_COMPILER_APPICON_NAME = AppIcon;
				ASSETCATALOG_COMPILER_LAUNCHIMAGE_NAME = LaunchImage;
				GCC_PRECOMPILE_PREFIX_HEADER = YES;
				GCC_PREFIX_HEADER = "AshaNet_iOS/AshaNet_iOS-Prefix.pch";
				INFOPLIST_FILE = "AshaNet_iOS/AshaNet_iOS-Info.plist";
				PRODUCT_NAME = "$(TARGET_NAME)";
				WRAPPER_EXTENSION = app;
			};
			name = Debug;
		};
		F1F6E6B5196303E9001EE5B2 /* Release */ = {
			isa = XCBuildConfiguration;
			baseConfigurationReference = BB214888FFFE4A15B579B7E6 /* Pods.xcconfig */;
			buildSettings = {
				ASSETCATALOG_COMPILER_APPICON_NAME = AppIcon;
				ASSETCATALOG_COMPILER_LAUNCHIMAGE_NAME = LaunchImage;
				GCC_PRECOMPILE_PREFIX_HEADER = YES;
				GCC_PREFIX_HEADER = "AshaNet_iOS/AshaNet_iOS-Prefix.pch";
				INFOPLIST_FILE = "AshaNet_iOS/AshaNet_iOS-Info.plist";
				PRODUCT_NAME = "$(TARGET_NAME)";
				WRAPPER_EXTENSION = app;
			};
			name = Release;
		};
		F1F6E6B7196303E9001EE5B2 /* Debug */ = {
			isa = XCBuildConfiguration;
			buildSettings = {
				BUNDLE_LOADER = "$(BUILT_PRODUCTS_DIR)/AshaNet_iOS.app/AshaNet_iOS";
				FRAMEWORK_SEARCH_PATHS = (
					"$(SDKROOT)/Developer/Library/Frameworks",
					"$(inherited)",
					"$(DEVELOPER_FRAMEWORKS_DIR)",
				);
				GCC_PRECOMPILE_PREFIX_HEADER = YES;
				GCC_PREFIX_HEADER = "AshaNet_iOS/AshaNet_iOS-Prefix.pch";
				GCC_PREPROCESSOR_DEFINITIONS = (
					"DEBUG=1",
					"$(inherited)",
				);
				INFOPLIST_FILE = "AshaNet_iOSTests/AshaNet_iOSTests-Info.plist";
				PRODUCT_NAME = "$(TARGET_NAME)";
				TEST_HOST = "$(BUNDLE_LOADER)";
				WRAPPER_EXTENSION = xctest;
			};
			name = Debug;
		};
		F1F6E6B8196303E9001EE5B2 /* Release */ = {
			isa = XCBuildConfiguration;
			buildSettings = {
				BUNDLE_LOADER = "$(BUILT_PRODUCTS_DIR)/AshaNet_iOS.app/AshaNet_iOS";
				FRAMEWORK_SEARCH_PATHS = (
					"$(SDKROOT)/Developer/Library/Frameworks",
					"$(inherited)",
					"$(DEVELOPER_FRAMEWORKS_DIR)",
				);
				GCC_PRECOMPILE_PREFIX_HEADER = YES;
				GCC_PREFIX_HEADER = "AshaNet_iOS/AshaNet_iOS-Prefix.pch";
				INFOPLIST_FILE = "AshaNet_iOSTests/AshaNet_iOSTests-Info.plist";
				PRODUCT_NAME = "$(TARGET_NAME)";
				TEST_HOST = "$(BUNDLE_LOADER)";
				WRAPPER_EXTENSION = xctest;
			};
			name = Release;
		};
/* End XCBuildConfiguration section */

/* Begin XCConfigurationList section */
		F1F6E682196303E9001EE5B2 /* Build configuration list for PBXProject "AshaNet_iOS" */ = {
			isa = XCConfigurationList;
			buildConfigurations = (
				F1F6E6B1196303E9001EE5B2 /* Debug */,
				F1F6E6B2196303E9001EE5B2 /* Release */,
			);
			defaultConfigurationIsVisible = 0;
			defaultConfigurationName = Release;
		};
		F1F6E6B3196303E9001EE5B2 /* Build configuration list for PBXNativeTarget "AshaNet_iOS" */ = {
			isa = XCConfigurationList;
			buildConfigurations = (
				F1F6E6B4196303E9001EE5B2 /* Debug */,
				F1F6E6B5196303E9001EE5B2 /* Release */,
			);
			defaultConfigurationIsVisible = 0;
			defaultConfigurationName = Release;
		};
		F1F6E6B6196303E9001EE5B2 /* Build configuration list for PBXNativeTarget "AshaNet_iOSTests" */ = {
			isa = XCConfigurationList;
			buildConfigurations = (
				F1F6E6B7196303E9001EE5B2 /* Debug */,
				F1F6E6B8196303E9001EE5B2 /* Release */,
			);
			defaultConfigurationIsVisible = 0;
			defaultConfigurationName = Release;
		};
/* End XCConfigurationList section */
	};
	rootObject = F1F6E67F196303E9001EE5B2 /* Project object */;
}
